
Microsoft Visual Studio Solution File, Format Version 12.00
# Visual Studio Version 17
VisualStudioVersion = 17.5.002.0
MinimumVisualStudioVersion = 10.0.40219.1
Project("{9A19103F-16F7-4668-BE54-9A1E7A4F7556}") = "EmployeeConsoleADO.Console", "EmployeeConsoleADO.Console.csproj", "{FA6B5E3E-D73D-40B4-8ECC-5CE28B661C22}"
EndProject
Global
	GlobalSection(SolutionConfigurationPlatforms) = preSolution
		Debug|Any CPU = Debug|Any CPU
		Release|Any CPU = Release|Any CPU
	EndGlobalSection
	GlobalSection(ProjectConfigurationPlatforms) = postSolution
		{FA6B5E3E-D73D-40B4-8ECC-5CE28B661C22}.Debug|Any CPU.ActiveCfg = Debug|Any CPU
		{FA6B5E3E-D73D-40B4-8ECC-5CE28B661C22}.Debug|Any CPU.Build.0 = Debug|Any CPU
		{FA6B5E3E-D73D-40B4-8ECC-5CE28B661C22}.Release|Any CPU.ActiveCfg = Release|Any CPU
		{FA6B5E3E-D73D-40B4-8ECC-5CE28B661C22}.Release|Any CPU.Build.0 = Release|Any CPU
	EndGlobalSection
	GlobalSection(SolutionProperties) = preSolution
		HideSolutionNode = FALSE
	EndGlobalSection
	GlobalSection(ExtensibilityGlobals) = postSolution
		SolutionGuid = {143CD7BE-116F-4A01-A879-3255CDF56B41}
	EndGlobalSection
EndGlobal
